// !$*UTF8*$!
{
	archiveVersion = 1;
	classes = {
	};
	objectVersion = 77;
	objects = {

/* Begin PBXContainerItemProxy section */
		84278A202D396BF30021FFF4 /* PBXContainerItemProxy */ = {
			isa = PBXContainerItemProxy;
			containerPortal = 84278A022D396BF20021FFF4 /* Project object */;
			proxyType = 1;
			remoteGlobalIDString = 84278A092D396BF20021FFF4;
			remoteInfo = Atmos;
		};
/* End PBXContainerItemProxy section */

/* Begin PBXFileReference section */
		84278A0A2D396BF20021FFF4 /* Atmos.app */ = {isa = PBXFileReference; explicitFileType = wrapper.application; includeInIndex = 0; path = Atmos.app; sourceTree = BUILT_PRODUCTS_DIR; };
		84278A1F2D396BF30021FFF4 /* AtmosTests.xctest */ = {isa = PBXFileReference; explicitFileType = wrapper.cfbundle; includeInIndex = 0; path = AtmosTests.xctest; sourceTree = BUILT_PRODUCTS_DIR; };
/* End PBXFileReference section */

/* Begin PBXFileSystemSynchronizedBuildFileExceptionSet section */
		84278A4D2D396F530021FFF4 /* Exceptions for "Atmos" folder in "Atmos" target */ = {
			isa = PBXFileSystemSynchronizedBuildFileExceptionSet;
			membershipExceptions = (
				Core/Info.plist,
			);
			target = 84278A092D396BF20021FFF4 /* Atmos */;
		};
/* End PBXFileSystemSynchronizedBuildFileExceptionSet section */

/* Begin PBXFileSystemSynchronizedRootGroup section */
		84278A0C2D396BF20021FFF4 /* Atmos */ = {
			isa = PBXFileSystemSynchronizedRootGroup;
			exceptions = (
				84278A4D2D396F530021FFF4 /* Exceptions for "Atmos" folder in "Atmos" target */,
			);
			path = Atmos;
			sourceTree = "<group>";
		};
		84278A222D396BF30021FFF4 /* AtmosTests */ = {
			isa = PBXFileSystemSynchronizedRootGroup;
			path = AtmosTests;
			sourceTree = "<group>";
		};
/* End PBXFileSystemSynchronizedRootGroup section */

/* Begin PBXFrameworksBuildPhase section */
		84278A072D396BF20021FFF4 /* Frameworks */ = {
			isa = PBXFrameworksBuildPhase;
			buildActionMask = 2147483647;
			files = (
			);
			runOnlyForDeploymentPostprocessing = 0;
		};
		84278A1C2D396BF30021FFF4 /* Frameworks */ = {
			isa = PBXFrameworksBuildPhase;
			buildActionMask = 2147483647;
			files = (
			);
			runOnlyForDeploymentPostprocessing = 0;
		};
/* End PBXFrameworksBuildPhase section */

/* Begin PBXGroup section */
		84278A012D396BF20021FFF4 = {
			isa = PBXGroup;
			children = (
				84278A0C2D396BF20021FFF4 /* Atmos */,
				84278A222D396BF30021FFF4 /* AtmosTests */,
				84278A0B2D396BF20021FFF4 /* Products */,
			);
			sourceTree = "<group>";
		};
		84278A0B2D396BF20021FFF4 /* Products */ = {
			isa = PBXGroup;
			children = (
				84278A0A2D396BF20021FFF4 /* Atmos.app */,
				84278A1F2D396BF30021FFF4 /* AtmosTests.xctest */,
			);
			name = Products;
			sourceTree = "<group>";
		};
/* End PBXGroup section */

/* Begin PBXNativeTarget section */
		84278A092D396BF20021FFF4 /* Atmos */ = {
			isa = PBXNativeTarget;
			buildConfigurationList = 84278A332D396BF30021FFF4 /* Build configuration list for PBXNativeTarget "Atmos" */;
			buildPhases = (
				84278A062D396BF20021FFF4 /* Sources */,
				84278A072D396BF20021FFF4 /* Frameworks */,
				84278A082D396BF20021FFF4 /* Resources */,
				84278A3F2D396D2F0021FFF4 /* Swiftlint */,
			);
			buildRules = (
			);
			dependencies = (
			);
			fileSystemSynchronizedGroups = (
				84278A0C2D396BF20021FFF4 /* Atmos */,
			);
			name = Atmos;
			packageProductDependencies = (
			);
			productName = Atmos;
			productReference = 84278A0A2D396BF20021FFF4 /* Atmos.app */;
			productType = "com.apple.product-type.application";
		};
		84278A1E2D396BF30021FFF4 /* AtmosTests */ = {
			isa = PBXNativeTarget;
			buildConfigurationList = 84278A362D396BF30021FFF4 /* Build configuration list for PBXNativeTarget "AtmosTests" */;
			buildPhases = (
				84278A1B2D396BF30021FFF4 /* Sources */,
				84278A1C2D396BF30021FFF4 /* Frameworks */,
				84278A1D2D396BF30021FFF4 /* Resources */,
			);
			buildRules = (
			);
			dependencies = (
				84278A212D396BF30021FFF4 /* PBXTargetDependency */,
			);
			fileSystemSynchronizedGroups = (
				84278A222D396BF30021FFF4 /* AtmosTests */,
			);
			name = AtmosTests;
			packageProductDependencies = (
			);
			productName = AtmosTests;
			productReference = 84278A1F2D396BF30021FFF4 /* AtmosTests.xctest */;
			productType = "com.apple.product-type.bundle.unit-test";
		};
/* End PBXNativeTarget section */

/* Begin PBXProject section */
		84278A022D396BF20021FFF4 /* Project object */ = {
			isa = PBXProject;
			attributes = {
				BuildIndependentTargetsInParallel = 1;
				LastSwiftUpdateCheck = 1620;
				LastUpgradeCheck = 1620;
				TargetAttributes = {
					84278A092D396BF20021FFF4 = {
						CreatedOnToolsVersion = 16.2;
					};
					84278A1E2D396BF30021FFF4 = {
						CreatedOnToolsVersion = 16.2;
						TestTargetID = 84278A092D396BF20021FFF4;
					};
				};
			};
			buildConfigurationList = 84278A052D396BF20021FFF4 /* Build configuration list for PBXProject "Atmos" */;
			developmentRegion = en;
			hasScannedForEncodings = 0;
			knownRegions = (
				en,
				Base,
				fr,
				af,
			);
			mainGroup = 84278A012D396BF20021FFF4;
			minimizedProjectReferenceProxies = 1;
			preferredProjectObjectVersion = 77;
			productRefGroup = 84278A0B2D396BF20021FFF4 /* Products */;
			projectDirPath = "";
			projectRoot = "";
			targets = (
				84278A092D396BF20021FFF4 /* Atmos */,
				84278A1E2D396BF30021FFF4 /* AtmosTests */,
			);
		};
/* End PBXProject section */

/* Begin PBXResourcesBuildPhase section */
		84278A082D396BF20021FFF4 /* Resources */ = {
			isa = PBXResourcesBuildPhase;
			buildActionMask = 2147483647;
			files = (
			);
			runOnlyForDeploymentPostprocessing = 0;
		};
		84278A1D2D396BF30021FFF4 /* Resources */ = {
			isa = PBXResourcesBuildPhase;
			buildActionMask = 2147483647;
			files = (
			);
			runOnlyForDeploymentPostprocessing = 0;
		};
/* End PBXResourcesBuildPhase section */

/* Begin PBXShellScriptBuildPhase section */
		84278A3F2D396D2F0021FFF4 /* Swiftlint */ = {
			isa = PBXShellScriptBuildPhase;
			alwaysOutOfDate = 1;
			buildActionMask = 2147483647;
			files = (
			);
			inputFileListPaths = (
			);
			inputPaths = (
			);
			name = Swiftlint;
			outputFileListPaths = (
			);
			outputPaths = (
			);
			runOnlyForDeploymentPostprocessing = 0;
			shellPath = /bin/sh;
			shellScript = "# Type a script or drag a script file from your workspace to insert its path.\nif test -d \"/opt/homebrew/bin/\"; then\n  PATH=\"/opt/homebrew/bin/:${PATH}\"\nfi\n\nexport PATH\nif which swiftlint >/dev/null; then\n  swiftlint\nelse\n  echo \"warning: SwiftLint not installed, download from https://github.com/realm/SwiftLint\"\nfi\n";
		};
/* End PBXShellScriptBuildPhase section */

/* Begin PBXSourcesBuildPhase section */
		84278A062D396BF20021FFF4 /* Sources */ = {
			isa = PBXSourcesBuildPhase;
			buildActionMask = 2147483647;
			files = (
			);
			runOnlyForDeploymentPostprocessing = 0;
		};
		84278A1B2D396BF30021FFF4 /* Sources */ = {
			isa = PBXSourcesBuildPhase;
			buildActionMask = 2147483647;
			files = (
			);
			runOnlyForDeploymentPostprocessing = 0;
		};
/* End PBXSourcesBuildPhase section */

/* Begin PBXTargetDependency section */
		84278A212D396BF30021FFF4 /* PBXTargetDependency */ = {
			isa = PBXTargetDependency;
			target = 84278A092D396BF20021FFF4 /* Atmos */;
			targetProxy = 84278A202D396BF30021FFF4 /* PBXContainerItemProxy */;
		};
/* End PBXTargetDependency section */

/* Begin XCBuildConfiguration section */
		84278A312D396BF30021FFF4 /* Debug */ = {
			isa = XCBuildConfiguration;
			baseConfigurationReferenceAnchor = 84278A0C2D396BF20021FFF4 /* Atmos */;
			baseConfigurationReferenceRelativePath = Config/develop.xcconfig;
			buildSettings = {
				ALWAYS_SEARCH_USER_PATHS = NO;
				ASSETCATALOG_COMPILER_GENERATE_SWIFT_ASSET_SYMBOL_EXTENSIONS = YES;
				CLANG_ANALYZER_NONNULL = YES;
				CLANG_ANALYZER_NUMBER_OBJECT_CONVERSION = YES_AGGRESSIVE;
				CLANG_CXX_LANGUAGE_STANDARD = "gnu++20";
				CLANG_ENABLE_MODULES = YES;
				CLANG_ENABLE_OBJC_ARC = YES;
				CLANG_ENABLE_OBJC_WEAK = YES;
				CLANG_WARN_BLOCK_CAPTURE_AUTORELEASING = YES;
				CLANG_WARN_BOOL_CONVERSION = YES;
				CLANG_WARN_COMMA = YES;
				CLANG_WARN_CONSTANT_CONVERSION = YES;
				CLANG_WARN_DEPRECATED_OBJC_IMPLEMENTATIONS = YES;
				CLANG_WARN_DIRECT_OBJC_ISA_USAGE = YES_ERROR;
				CLANG_WARN_DOCUMENTATION_COMMENTS = YES;
				CLANG_WARN_EMPTY_BODY = YES;
				CLANG_WARN_ENUM_CONVERSION = YES;
				CLANG_WARN_INFINITE_RECURSION = YES;
				CLANG_WARN_INT_CONVERSION = YES;
				CLANG_WARN_NON_LITERAL_NULL_CONVERSION = YES;
				CLANG_WARN_OBJC_IMPLICIT_RETAIN_SELF = YES;
				CLANG_WARN_OBJC_LITERAL_CONVERSION = YES;
				CLANG_WARN_OBJC_ROOT_CLASS = YES_ERROR;
				CLANG_WARN_QUOTED_INCLUDE_IN_FRAMEWORK_HEADER = YES;
				CLANG_WARN_RANGE_LOOP_ANALYSIS = YES;
				CLANG_WARN_STRICT_PROTOTYPES = YES;
				CLANG_WARN_SUSPICIOUS_MOVE = YES;
				CLANG_WARN_UNGUARDED_AVAILABILITY = YES_AGGRESSIVE;
				CLANG_WARN_UNREACHABLE_CODE = YES;
				CLANG_WARN__DUPLICATE_METHOD_MATCH = YES;
				COPY_PHASE_STRIP = NO;
				DEBUG_INFORMATION_FORMAT = dwarf;
				ENABLE_STRICT_OBJC_MSGSEND = YES;
				ENABLE_TESTABILITY = YES;
				ENABLE_USER_SCRIPT_SANDBOXING = YES;
				GCC_C_LANGUAGE_STANDARD = gnu17;
				GCC_DYNAMIC_NO_PIC = NO;
				GCC_NO_COMMON_BLOCKS = YES;
				GCC_OPTIMIZATION_LEVEL = 0;
				GCC_PREPROCESSOR_DEFINITIONS = (
					"DEBUG=1",
					"$(inherited)",
				);
				GCC_WARN_64_TO_32_BIT_CONVERSION = YES;
				GCC_WARN_ABOUT_RETURN_TYPE = YES_ERROR;
				GCC_WARN_UNDECLARED_SELECTOR = YES;
				GCC_WARN_UNINITIALIZED_AUTOS = YES_AGGRESSIVE;
				GCC_WARN_UNUSED_FUNCTION = YES;
				GCC_WARN_UNUSED_VARIABLE = YES;
				IPHONEOS_DEPLOYMENT_TARGET = 18.2;
				LOCALIZATION_PREFERS_STRING_CATALOGS = YES;
				MTL_ENABLE_DEBUG_INFO = INCLUDE_SOURCE;
				MTL_FAST_MATH = YES;
				ONLY_ACTIVE_ARCH = YES;
				SDKROOT = iphoneos;
				SWIFT_ACTIVE_COMPILATION_CONDITIONS = "DEBUG $(inherited)";
				SWIFT_EMIT_LOC_STRINGS = YES;
				SWIFT_OPTIMIZATION_LEVEL = "-Onone";
			};
			name = Debug;
		};
		84278A342D396BF30021FFF4 /* Debug */ = {
			isa = XCBuildConfiguration;
			baseConfigurationReferenceAnchor = 84278A0C2D396BF20021FFF4 /* Atmos */;
			baseConfigurationReferenceRelativePath = Config/develop.xcconfig;
			buildSettings = {
				ASSETCATALOG_COMPILER_APPICON_NAME = AppIcon;
				ASSETCATALOG_COMPILER_GLOBAL_ACCENT_COLOR_NAME = AccentColor;
				CODE_SIGN_STYLE = Automatic;
				CURRENT_PROJECT_VERSION = 1;
				DEVELOPMENT_ASSET_PATHS = "\"Atmos/Preview Content\"";
				DEVELOPMENT_TEAM = CVR223BS4M;
				ENABLE_PREVIEWS = YES;
				ENABLE_USER_SCRIPT_SANDBOXING = NO;
				GENERATE_INFOPLIST_FILE = YES;
				INFOPLIST_FILE = Atmos/Core/Info.plist;
				INFOPLIST_KEY_NSLocationWhenInUseUsageDescription = "We need your permission to access your location to provide accurate weather stats";
				INFOPLIST_KEY_UIApplicationSceneManifest_Generation = YES;
				INFOPLIST_KEY_UIApplicationSupportsIndirectInputEvents = YES;
				INFOPLIST_KEY_UILaunchScreen_Generation = YES;
				INFOPLIST_KEY_UISupportedInterfaceOrientations_iPad = "UIInterfaceOrientationPortrait UIInterfaceOrientationPortraitUpsideDown UIInterfaceOrientationLandscapeLeft UIInterfaceOrientationLandscapeRight";
				INFOPLIST_KEY_UISupportedInterfaceOrientations_iPhone = "UIInterfaceOrientationPortrait UIInterfaceOrientationLandscapeLeft UIInterfaceOrientationLandscapeRight";
				LD_RUNPATH_SEARCH_PATHS = (
					"$(inherited)",
					"@executable_path/Frameworks",
				);
				MARKETING_VERSION = 1.0;
				PRODUCT_BUNDLE_IDENTIFIER = com.michaelamiro.Atmos;
				PRODUCT_NAME = "$(TARGET_NAME)";
				SWIFT_EMIT_LOC_STRINGS = YES;
				SWIFT_VERSION = 5.0;
				TARGETED_DEVICE_FAMILY = "1,2";
			};
			name = Debug;
		};
		84278A372D396BF30021FFF4 /* Debug */ = {
			isa = XCBuildConfiguration;
			baseConfigurationReferenceAnchor = 84278A0C2D396BF20021FFF4 /* Atmos */;
			baseConfigurationReferenceRelativePath = Config/develop.xcconfig;
			buildSettings = {
				BUNDLE_LOADER = "$(TEST_HOST)";
				CODE_SIGN_STYLE = Automatic;
				CURRENT_PROJECT_VERSION = 1;
				DEVELOPMENT_TEAM = CVR223BS4M;
				GENERATE_INFOPLIST_FILE = YES;
				IPHONEOS_DEPLOYMENT_TARGET = 18.2;
				MARKETING_VERSION = 1.0;
				PRODUCT_BUNDLE_IDENTIFIER = com.michaelamiro.AtmosTests;
				PRODUCT_NAME = "$(TARGET_NAME)";
				SWIFT_EMIT_LOC_STRINGS = NO;
				SWIFT_VERSION = 5.0;
				TARGETED_DEVICE_FAMILY = "1,2";
				TEST_HOST = "$(BUILT_PRODUCTS_DIR)/Atmos.app/$(BUNDLE_EXECUTABLE_FOLDER_PATH)/Atmos";
			};
			name = Debug;
		};
/* End XCBuildConfiguration section */

/* Begin XCConfigurationList section */
		84278A052D396BF20021FFF4 /* Build configuration list for PBXProject "Atmos" */ = {
			isa = XCConfigurationList;
			buildConfigurations = (
				84278A312D396BF30021FFF4 /* Debug */,
			);
			defaultConfigurationIsVisible = 0;
			defaultConfigurationName = Debug;
		};
		84278A332D396BF30021FFF4 /* Build configuration list for PBXNativeTarget "Atmos" */ = {
			isa = XCConfigurationList;
			buildConfigurations = (
				84278A342D396BF30021FFF4 /* Debug */,
			);
			defaultConfigurationIsVisible = 0;
			defaultConfigurationName = Debug;
		};
		84278A362D396BF30021FFF4 /* Build configuration list for PBXNativeTarget "AtmosTests" */ = {
			isa = XCConfigurationList;
			buildConfigurations = (
				84278A372D396BF30021FFF4 /* Debug */,
			);
			defaultConfigurationIsVisible = 0;
			defaultConfigurationName = Debug;
		};
/* End XCConfigurationList section */
	};
	rootObject = 84278A022D396BF20021FFF4 /* Project object */;
}
